<?xml version="1.0" encoding="utf-8"?>
<Project ToolsVersion="4.0" xmlns="http://schemas.microsoft.com/developer/msbuild/2003">
  <ItemGroup>
    <Filter Include="Source">
      <UniqueIdentifier>{241b992b-1ab2-4d74-a454-bd7dc4dbb7a6}</UniqueIdentifier>
    </Filter>
    <Filter Include="SoyLib">
      <UniqueIdentifier>{5fca03a2-531e-4020-b3a7-da724687bfc8}</UniqueIdentifier>
    </Filter>
    <Filter Include="Libs">
      <UniqueIdentifier>{a2cd0c1b-63df-4d92-8ed0-0dc87234f314}</UniqueIdentifier>
    </Filter>
    <Filter Include="Libs\JavascriptCore">
      <UniqueIdentifier>{3787af57-a192-4d41-a7cb-ff7639a9ee3d}</UniqueIdentifier>
    </Filter>
    <Filter Include="SoyLib\glew">
      <UniqueIdentifier>{8bffea1e-9552-4a25-ac57-01c8d150778d}</UniqueIdentifier>
    </Filter>
    <Filter Include="SoyLib\sha1">
      <UniqueIdentifier>{464fd74e-1daa-4809-acd3-55bcee0c119d}</UniqueIdentifier>
    </Filter>
    <Filter Include="Source\Todo">
      <UniqueIdentifier>{c20b2e8c-e666-4885-9846-0656eb5ada9a}</UniqueIdentifier>
    </Filter>
    <Filter Include="UnitTest">
      <UniqueIdentifier>{17a1cd90-5cf4-4e1b-8c33-e43bf2f25719}</UniqueIdentifier>
    </Filter>
    <Filter Include="UnitTest\CameraTest">
      <UniqueIdentifier>{b88a0514-46b9-40dd-b4f4-24c4eccd9425}</UniqueIdentifier>
    </Filter>
    <Filter Include="Libs\PopCameraDevice">
      <UniqueIdentifier>{a0163f97-f105-4cd0-ae57-188257d7a826}</UniqueIdentifier>
    </Filter>
    <Filter Include="UnitTest\Common">
      <UniqueIdentifier>{2a35eea7-57f1-4bca-97b0-e079fa091a94}</UniqueIdentifier>
    </Filter>
    <Filter Include="UnitTest\HttpServer">
      <UniqueIdentifier>{8d226aa7-ead4-422b-9f14-ac3792f4dfc3}</UniqueIdentifier>
    </Filter>
    <Filter Include="Libs\JavascriptCore\win64">
      <UniqueIdentifier>{141683a7-9ceb-4290-8050-351a84c1d4c1}</UniqueIdentifier>
    </Filter>
    <Filter Include="Libs\PopH264">
      <UniqueIdentifier>{273f9977-6262-471b-8ac7-9353c46af383}</UniqueIdentifier>
    </Filter>
    <Filter Include="UnitTest\VideoTest">
      <UniqueIdentifier>{25602702-08b3-4195-adff-9693cd729153}</UniqueIdentifier>
    </Filter>
    <Filter Include="Libs\v8">
      <UniqueIdentifier>{b52aa19e-20ce-4391-9cd8-b8ed0244aa28}</UniqueIdentifier>
    </Filter>
    <Filter Include="Libs\v8\Include">
      <UniqueIdentifier>{cf1b1091-e316-4bfb-9334-008b16eae1ef}</UniqueIdentifier>
    </Filter>
    <Filter Include="Libs\v8\Lib">
      <UniqueIdentifier>{74009a96-9aa0-40fa-93fd-24d37fcf7692}</UniqueIdentifier>
    </Filter>
    <Filter Include="Libs\v8\Runtime">
      <UniqueIdentifier>{e586ec67-254a-4f92-a16d-b012b649bc3f}</UniqueIdentifier>
    </Filter>
    <Filter Include="Libs\Openvr">
      <UniqueIdentifier>{2fbd07b4-8621-42a6-b499-b3e6b9616d68}</UniqueIdentifier>
    </Filter>
    <Filter Include="Libs\Dyncall">
      <UniqueIdentifier>{83bc45f4-1304-400f-9e90-a4723c02aeb1}</UniqueIdentifier>
    </Filter>
    <Filter Include="Projects">
      <UniqueIdentifier>{1076b2d8-5ee6-499f-9b4f-0d0848152173}</UniqueIdentifier>
    </Filter>
    <Filter Include="Projects\PopRayTrace">
      <UniqueIdentifier>{6042ffc5-5108-4c72-a98c-0e4d19b0c55d}</UniqueIdentifier>
    </Filter>
    <Filter Include="UnitTest\Gui">
      <UniqueIdentifier>{a2bc4afd-3781-4e66-890f-d079dde1f027}</UniqueIdentifier>
    </Filter>
    <Filter Include="UnitTest\H264Encode">
      <UniqueIdentifier>{cf36e15b-11fa-464a-85a2-27504367a834}</UniqueIdentifier>
    </Filter>
    <Filter Include="Libs\X264">
      <UniqueIdentifier>{7ee17235-1cd3-43d0-b654-e1d65e89becf}</UniqueIdentifier>
    </Filter>
    <Filter Include="UnitTest\VirtualReality">
      <UniqueIdentifier>{943c0583-d3f6-4001-b2ad-2f6805a37612}</UniqueIdentifier>
    </Filter>
    <Filter Include="Libs\Opencv">
      <UniqueIdentifier>{13f4d4e9-b52e-42ab-811d-2429050ba1e6}</UniqueIdentifier>
    </Filter>
    <Filter Include="Libs\Opencv\Contrib_aruco">
      <UniqueIdentifier>{ce8e991a-d27e-4136-81d0-0602f49c084f}</UniqueIdentifier>
    </Filter>
    <Filter Include="UnitTest\OpencvArucoMarker">
      <UniqueIdentifier>{e8ab2855-f663-4675-ab80-baa7ab8f4384}</UniqueIdentifier>
    </Filter>
    <Filter Include="Libs\ViveHandTracking">
      <UniqueIdentifier>{a1dc779d-0421-4e92-b393-703aa026bcbb}</UniqueIdentifier>
    </Filter>
    <Filter Include="UnitTest\LeapMotion">
      <UniqueIdentifier>{f6486979-cab0-4324-8a2b-2bf355f8ecc0}</UniqueIdentifier>
    </Filter>
    <Filter Include="Libs\PopCoreMl">
      <UniqueIdentifier>{cbea93f4-7f30-47eb-856c-139d94b59f33}</UniqueIdentifier>
    </Filter>
  </ItemGroup>
  <ItemGroup>
    <ClInclude Include="..\src\PopMain.h">
      <Filter>Source</Filter>
    </ClInclude>
    <ClInclude Include="..\src\SoyOpenglView.h">
      <Filter>Source</Filter>
    </ClInclude>
    <ClInclude Include="..\src\SoyOpenglWindow.h">
      <Filter>Source</Filter>
    </ClInclude>
    <ClInclude Include="..\src\TApiCommon.h">
      <Filter>Source</Filter>
    </ClInclude>
    <ClInclude Include="..\src\TApiHttp.h">
      <Filter>Source</Filter>
    </ClInclude>
    <ClInclude Include="..\src\TApiOpengl.h">
      <Filter>Source</Filter>
    </ClInclude>
    <ClInclude Include="..\src\TApiSocket.h">
      <Filter>Source</Filter>
    </ClInclude>
    <ClInclude Include="..\src\TApiWebsocket.h">
      <Filter>Source</Filter>
    </ClInclude>
    <ClInclude Include="..\src\TBind.h">
      <Filter>Source</Filter>
    </ClInclude>
    <ClInclude Include="..\src\SoyLib\src\SoyString.h">
      <Filter>SoyLib</Filter>
    </ClInclude>
    <ClInclude Include="..\src\SoyLib\src\SoyOpengl.h">
      <Filter>SoyLib</Filter>
    </ClInclude>
    <ClInclude Include="..\src\SoyLib\src\SoyOpenglContext.h">
      <Filter>SoyLib</Filter>
    </ClInclude>
    <ClInclude Include="..\src\SoyLib\src\SoyPixels.h">
      <Filter>SoyLib</Filter>
    </ClInclude>
    <ClInclude Include="..\src\SoyLib\src\SoyTypes.h">
      <Filter>SoyLib</Filter>
    </ClInclude>
    <ClInclude Include="..\src\SoyLib\src\SoyTypes_Windows.h">
      <Filter>SoyLib</Filter>
    </ClInclude>
    <ClInclude Include="..\src\SoyLib\src\SoyUniform.h">
      <Filter>SoyLib</Filter>
    </ClInclude>
    <ClInclude Include="..\src\Libs\JavascriptCore\JSCallbackFunction.h">
      <Filter>Libs\JavascriptCore</Filter>
    </ClInclude>
    <ClInclude Include="..\src\Libs\JavascriptCore\JSCallbackObject.h">
      <Filter>Libs\JavascriptCore</Filter>
    </ClInclude>
    <ClInclude Include="..\src\Libs\JavascriptCore\JSContext.h">
      <Filter>Libs\JavascriptCore</Filter>
    </ClInclude>
    <ClInclude Include="..\src\Libs\JavascriptCore\JSObjectRef.h">
      <Filter>Libs\JavascriptCore</Filter>
    </ClInclude>
    <ClInclude Include="..\src\Libs\JavascriptCore\JSStringRef.h">
      <Filter>Libs\JavascriptCore</Filter>
    </ClInclude>
    <ClInclude Include="..\src\Libs\JavascriptCore\JSValue.h">
      <Filter>Libs\JavascriptCore</Filter>
    </ClInclude>
    <ClInclude Include="..\src\Libs\JavascriptCore\JSValueRef.h">
      <Filter>Libs\JavascriptCore</Filter>
    </ClInclude>
    <ClInclude Include="..\src\Libs\JavascriptCore\JavaScript.h">
      <Filter>Libs\JavascriptCore</Filter>
    </ClInclude>
    <ClInclude Include="..\src\Libs\JavascriptCore\JavaScriptCore.h">
      <Filter>Libs\JavascriptCore</Filter>
    </ClInclude>
    <ClInclude Include="..\src\SoyLib\src\MemHeap.hpp">
      <Filter>SoyLib</Filter>
    </ClInclude>
    <ClInclude Include="..\src\SoyLib\src\SoyThread.h">
      <Filter>SoyLib</Filter>
    </ClInclude>
    <ClInclude Include="..\src\SoyLib\src\SoyTime.h">
      <Filter>SoyLib</Filter>
    </ClInclude>
    <ClInclude Include="..\src\SoyLib\src\Array.hpp">
      <Filter>SoyLib</Filter>
    </ClInclude>
    <ClInclude Include="..\src\SoyLib\src\BufferArray.hpp">
      <Filter>SoyLib</Filter>
    </ClInclude>
    <ClInclude Include="..\src\SoyLib\src\HeapArray.hpp">
      <Filter>SoyLib</Filter>
    </ClInclude>
    <ClInclude Include="..\src\SoyLib\src\SoySocket.h">
      <Filter>SoyLib</Filter>
    </ClInclude>
    <ClInclude Include="..\src\SoyLib\src\SoySocketStream.h">
      <Filter>SoyLib</Filter>
    </ClInclude>
    <ClInclude Include="..\src\SoyLib\src\SoyStream.h">
      <Filter>SoyLib</Filter>
    </ClInclude>
    <ClInclude Include="..\src\SoyLib\src\SoyWebSocket.h">
      <Filter>SoyLib</Filter>
    </ClInclude>
    <ClInclude Include="..\src\SoyLib\src\SoyHttp.h">
      <Filter>SoyLib</Filter>
    </ClInclude>
    <ClInclude Include="..\src\SoyLib\src\SoyGraphics.h">
      <Filter>SoyLib</Filter>
    </ClInclude>
    <ClInclude Include="..\src\SoyLib\src\SoyShader.h">
      <Filter>SoyLib</Filter>
    </ClInclude>
    <ClInclude Include="..\src\SoyLib\src\GL\glxew.h">
      <Filter>SoyLib\glew</Filter>
    </ClInclude>
    <ClInclude Include="..\src\SoyLib\src\GL\wglew.h">
      <Filter>SoyLib\glew</Filter>
    </ClInclude>
    <ClInclude Include="..\src\SoyLib\src\GL\glew.h">
      <Filter>SoyLib\glew</Filter>
    </ClInclude>
    <ClInclude Include="..\src\SoyLib\src\SoyArray.h">
      <Filter>SoyLib</Filter>
    </ClInclude>
    <ClInclude Include="..\src\SoyLib\src\SoyFilesystem.h">
      <Filter>SoyLib</Filter>
    </ClInclude>
    <ClInclude Include="..\src\SoyLib\src\SoyDebug.h">
      <Filter>SoyLib</Filter>
    </ClInclude>
    <ClInclude Include="..\src\SoyLib\src\SoyAssert.h">
      <Filter>SoyLib</Filter>
    </ClInclude>
    <ClInclude Include="..\src\SoyLib\src\SoyMedia.h">
      <Filter>SoyLib</Filter>
    </ClInclude>
    <ClInclude Include="..\src\SoyLib\src\SoyMediaFormat.h">
      <Filter>SoyLib</Filter>
    </ClInclude>
    <ClInclude Include="..\src\SoyLib\src\SoyImage.h">
      <Filter>SoyLib</Filter>
    </ClInclude>
    <ClInclude Include="..\src\SoyLib\src\SoyProtocol.h">
      <Filter>SoyLib</Filter>
    </ClInclude>
    <ClInclude Include="..\src\SoyLib\src\SoyRef.h">
      <Filter>SoyLib</Filter>
    </ClInclude>
    <ClInclude Include="..\src\SoyLib\src\SoyApp.h">
      <Filter>SoyLib</Filter>
    </ClInclude>
    <ClInclude Include="..\src\SoyLib\src\SoyJson.h">
      <Filter>SoyLib</Filter>
    </ClInclude>
    <ClInclude Include="..\src\SoyLib\src\SoyWave.h">
      <Filter>SoyLib</Filter>
    </ClInclude>
    <ClInclude Include="..\src\SoyLib\src\SoyBase64.h">
      <Filter>SoyLib</Filter>
    </ClInclude>
    <ClInclude Include="..\src\SoyLib\src\smallsha1\sha1.h">
      <Filter>SoyLib\sha1</Filter>
    </ClInclude>
    <ClInclude Include="..\src\SoyBluetooth.h">
      <Filter>Source\Todo</Filter>
    </ClInclude>
    <ClInclude Include="..\src\SoyHid.h">
      <Filter>Source\Todo</Filter>
    </ClInclude>
    <ClInclude Include="..\src\TApiBluetooth.h">
      <Filter>Source\Todo</Filter>
    </ClInclude>
    <ClInclude Include="..\src\TApiDlib.h">
      <Filter>Source\Todo</Filter>
    </ClInclude>
    <ClInclude Include="..\src\TApiEzsift.h">
      <Filter>Source\Todo</Filter>
    </ClInclude>
    <ClInclude Include="..\src\TApiInput.h">
      <Filter>Source\Todo</Filter>
    </ClInclude>
    <ClInclude Include="..\src\TApiOpencl.h">
      <Filter>Source\Todo</Filter>
    </ClInclude>
    <ClInclude Include="..\src\TPopServerThread.h">
      <Filter>Source\Todo</Filter>
    </ClInclude>
    <ClInclude Include="..\src\TProtocolWebSocket.h">
      <Filter>Source\Todo</Filter>
    </ClInclude>
    <ClInclude Include="..\src\TSsdMobileNetAnchors.h">
      <Filter>Source\Todo</Filter>
    </ClInclude>
    <ClInclude Include="..\src\TV8Container.h">
      <Filter>Source\Todo</Filter>
    </ClInclude>
    <ClInclude Include="..\src\TV8Inspector.h">
      <Filter>Source\Todo</Filter>
    </ClInclude>
    <ClInclude Include="..\src\TV8Instance.h">
      <Filter>Source\Todo</Filter>
    </ClInclude>
    <ClInclude Include="..\src\TV8ObjectWrapper.h">
      <Filter>Source\Todo</Filter>
    </ClInclude>
    <ClInclude Include="..\src\TApiOpenglContext.h">
      <Filter>Source\Todo</Filter>
    </ClInclude>
    <ClInclude Include="..\src\PopEngine.h">
      <Filter>Source</Filter>
    </ClInclude>
    <ClInclude Include="..\src\JsCoreBind.h">
      <Filter>Source</Filter>
    </ClInclude>
    <ClInclude Include="..\src\JsCoreDll.h">
      <Filter>Source</Filter>
    </ClInclude>
    <ClInclude Include="..\src\SoyLib\src\SoyRuntimeLibrary.h">
      <Filter>SoyLib</Filter>
    </ClInclude>
    <ClInclude Include="..\src\Libs\PopCameraDevice\PopCameraDevice.h">
      <Filter>Libs\PopCameraDevice</Filter>
    </ClInclude>
    <ClInclude Include="..\src\TApiMedia.h">
      <Filter>Source</Filter>
    </ClInclude>
    <ClInclude Include="..\src\Libs\PopH264\PopH264.h">
      <Filter>Libs\PopH264</Filter>
    </ClInclude>
    <ClInclude Include="..\src\TApiSerial.h">
      <Filter>Source</Filter>
    </ClInclude>
    <ClInclude Include="..\src\SoyLib\src\SoyWindow.h">
      <Filter>SoyLib</Filter>
    </ClInclude>
    <ClInclude Include="..\src\v8\include\v8.h">
      <Filter>Libs\v8\Include</Filter>
    </ClInclude>
    <ClInclude Include="..\src\v8\include\v8config.h">
      <Filter>Libs\v8\Include</Filter>
    </ClInclude>
    <ClInclude Include="..\src\v8\include\v8-inspector.h">
      <Filter>Libs\v8\Include</Filter>
    </ClInclude>
    <ClInclude Include="..\src\v8\include\v8-inspector-protocol.h">
      <Filter>Libs\v8\Include</Filter>
    </ClInclude>
    <ClInclude Include="..\src\v8\include\v8-internal.h">
      <Filter>Libs\v8\Include</Filter>
    </ClInclude>
    <ClInclude Include="..\src\v8\include\v8-platform.h">
      <Filter>Libs\v8\Include</Filter>
    </ClInclude>
    <ClInclude Include="..\src\v8\include\v8-profiler.h">
      <Filter>Libs\v8\Include</Filter>
    </ClInclude>
    <ClInclude Include="..\src\v8\include\v8-testing.h">
      <Filter>Libs\v8\Include</Filter>
    </ClInclude>
    <ClInclude Include="..\src\v8\include\v8-util.h">
      <Filter>Libs\v8\Include</Filter>
    </ClInclude>
    <ClInclude Include="..\src\v8\include\v8-value-serializer-version.h">
      <Filter>Libs\v8\Include</Filter>
    </ClInclude>
    <ClInclude Include="..\src\v8\include\v8-version.h">
      <Filter>Libs\v8\Include</Filter>
    </ClInclude>
    <ClInclude Include="..\src\v8\include\v8-version-string.h">
      <Filter>Libs\v8\Include</Filter>
    </ClInclude>
    <ClInclude Include="..\src\v8\include\v8-wasm-trap-handler-posix.h">
      <Filter>Libs\v8\Include</Filter>
    </ClInclude>
    <ClInclude Include="..\src\v8\include\v8-wasm-trap-handler-win.h">
      <Filter>Libs\v8\Include</Filter>
    </ClInclude>
    <ClInclude Include="..\src\v8\include\libplatform\libplatform.h">
      <Filter>Libs\v8\Include</Filter>
    </ClInclude>
    <ClInclude Include="..\src\v8\include\libplatform\libplatform-export.h">
      <Filter>Libs\v8\Include</Filter>
    </ClInclude>
    <ClInclude Include="..\src\v8\include\libplatform\v8-tracing.h">
      <Filter>Libs\v8\Include</Filter>
    </ClInclude>
    <ClInclude Include="..\src\V8Bind.h">
      <Filter>Source</Filter>
    </ClInclude>
    <ClInclude Include="..\src\TApiOpenvr.h">
      <Filter>Source</Filter>
    </ClInclude>
    <ClInclude Include="..\src\Libs\OpenVr\headers\openvr.h">
      <Filter>Libs\Openvr</Filter>
    </ClInclude>
    <ClInclude Include="..\src\Libs\OpenVr\headers\openvr_capi.h">
      <Filter>Libs\Openvr</Filter>
    </ClInclude>
    <ClInclude Include="..\src\Libs\OpenVr\headers\openvr_driver.h">
      <Filter>Libs\Openvr</Filter>
    </ClInclude>
    <ClInclude Include="..\src\TApiDll.h">
      <Filter>Source</Filter>
    </ClInclude>
    <ClInclude Include="..\src\Libs\dyncall\include\dyncall_callback.h">
      <Filter>Libs\Dyncall</Filter>
    </ClInclude>
    <ClInclude Include="..\src\Libs\dyncall\include\dyncall_callf.h">
      <Filter>Libs\Dyncall</Filter>
    </ClInclude>
    <ClInclude Include="..\src\Libs\dyncall\include\dyncall_config.h">
      <Filter>Libs\Dyncall</Filter>
    </ClInclude>
    <ClInclude Include="..\src\Libs\dyncall\include\dyncall_macros.h">
      <Filter>Libs\Dyncall</Filter>
    </ClInclude>
    <ClInclude Include="..\src\Libs\dyncall\include\dyncall_signature.h">
      <Filter>Libs\Dyncall</Filter>
    </ClInclude>
    <ClInclude Include="..\src\Libs\dyncall\include\dyncall_types.h">
      <Filter>Libs\Dyncall</Filter>
    </ClInclude>
    <ClInclude Include="..\src\Libs\dyncall\include\dyncall_value.h">
      <Filter>Libs\Dyncall</Filter>
    </ClInclude>
    <ClInclude Include="..\src\Libs\dyncall\include\dynload.h">
      <Filter>Libs\Dyncall</Filter>
    </ClInclude>
    <ClInclude Include="..\src\Libs\dyncall\include\dyncall.h">
      <Filter>Libs\Dyncall</Filter>
    </ClInclude>
    <ClInclude Include="..\src\Libs\dyncall\include\dyncall_alloc_wx.h">
      <Filter>Libs\Dyncall</Filter>
    </ClInclude>
    <ClInclude Include="..\src\Libs\dyncall\include\dyncall_args.h">
      <Filter>Libs\Dyncall</Filter>
    </ClInclude>
    <ClInclude Include="..\src\TApiGui.h">
      <Filter>Source</Filter>
    </ClInclude>
    <ClInclude Include="..\src\Libs\x264\include\x264.h">
      <Filter>Libs\X264</Filter>
    </ClInclude>
    <ClInclude Include="..\src\Libs\x264\include\x264_config.h">
      <Filter>Libs\X264</Filter>
    </ClInclude>
    <ClInclude Include="..\src\ChakraBind.h">
      <Filter>Source</Filter>
    </ClInclude>
    <ClInclude Include="..\src\SoyLib\src\SoyPng.h">
      <Filter>SoyLib</Filter>
    </ClInclude>
    <ClInclude Include="..\src\SoyLib\src\SoyFourcc.h">
      <Filter>SoyLib</Filter>
    </ClInclude>
    <ClInclude Include="..\src\TApiOpencv.h">
      <Filter>Source</Filter>
    </ClInclude>
    <ClInclude Include="..\src\Libs\Opencv_contrib\modules\aruco\src\apriltag_quad_thresh.hpp">
      <Filter>Libs\Opencv\Contrib_aruco</Filter>
    </ClInclude>
    <ClInclude Include="..\src\Libs\Opencv_contrib\modules\aruco\src\precomp.hpp">
      <Filter>Libs\Opencv\Contrib_aruco</Filter>
    </ClInclude>
    <ClInclude Include="..\src\Libs\Opencv_contrib\modules\aruco\src\predefined_dictionaries.hpp">
      <Filter>Libs\Opencv\Contrib_aruco</Filter>
    </ClInclude>
    <ClInclude Include="..\src\Libs\Opencv_contrib\modules\aruco\src\predefined_dictionaries_apriltag.hpp">
      <Filter>Libs\Opencv\Contrib_aruco</Filter>
    </ClInclude>
    <ClInclude Include="..\src\Libs\Opencv_contrib\modules\aruco\src\unionfind.hpp">
      <Filter>Libs\Opencv\Contrib_aruco</Filter>
    </ClInclude>
    <ClInclude Include="..\src\Libs\Opencv_contrib\modules\aruco\src\zarray.hpp">
      <Filter>Libs\Opencv\Contrib_aruco</Filter>
    </ClInclude>
    <ClInclude Include="..\src\Libs\Opencv_contrib\modules\aruco\src\zmaxheap.hpp">
      <Filter>Libs\Opencv\Contrib_aruco</Filter>
    </ClInclude>
    <ClInclude Include="..\src\Libs\ViveHandTracking\include\interface_gesture.hpp">
      <Filter>Libs\ViveHandTracking</Filter>
    </ClInclude>
    <ClInclude Include="..\src\SoyViveHandTracker.h">
      <Filter>Source</Filter>
    </ClInclude>
    <ClInclude Include="..\src\TApiCoreMl.h">
      <Filter>Source</Filter>
    </ClInclude>
    <ClInclude Include="..\src\Libs\PopCoreMl\TCoreMl.h">
      <Filter>Libs\PopCoreMl</Filter>
    </ClInclude>
    <ClInclude Include="..\src\Libs\PopCoreMl\PopCoreml.h">
      <Filter>Libs\PopCoreMl</Filter>
    </ClInclude>
    <ClInclude Include="..\src\SoyLib\src\Win32ColourControl.h">
      <Filter>SoyLib</Filter>
    </ClInclude>
    <ClInclude Include="..\src\TApiEngine.h">
      <Filter>Source</Filter>
    </ClInclude>
  </ItemGroup>
  <ItemGroup>
    <None Include="..\src\PopEngineAppBundle.xcconfig">
      <Filter>Source</Filter>
    </None>
    <None Include="..\src\PopMain.mm">
      <Filter>Source</Filter>
    </None>
    <None Include="..\src\SoyOpenglView.mm">
      <Filter>Source</Filter>
    </None>
    <None Include="..\src\SoyOpenglWindow.mm">
      <Filter>Source</Filter>
    </None>
    <None Include="..\src\SoyBluetooth.mm">
      <Filter>Source\Todo</Filter>
    </None>
    <None Include="..\UnitTest\bootup.js">
      <Filter>UnitTest</Filter>
    </None>
    <None Include="..\UnitTest\CameraTest\CameraTest.js">
      <Filter>UnitTest\CameraTest</Filter>
    </None>
    <None Include="..\UnitTest\CameraTest\Quad.vert.glsl">
      <Filter>UnitTest\CameraTest</Filter>
    </None>
    <None Include="..\UnitTest\CameraTest\bootup.js">
      <Filter>UnitTest\CameraTest</Filter>
    </None>
    <None Include="..\src\Libs\PopCameraDevice\PopCameraDevice.dll.meta">
      <Filter>Libs\PopCameraDevice</Filter>
    </None>
    <None Include="..\src\Libs\PopCameraDevice\PopCameraDevice.pdb">
      <Filter>Libs\PopCameraDevice</Filter>
    </None>
    <None Include="..\src\Libs\PopCameraDevice\PopCameraDevice.pdb.meta">
      <Filter>Libs\PopCameraDevice</Filter>
    </None>
    <None Include="..\src\Libs\PopCameraDevice\PopCameraDevice.cs">
      <Filter>Libs\PopCameraDevice</Filter>
    </None>
    <None Include="..\src\Libs\PopCameraDevice\PopCameraDevice.cs.meta">
      <Filter>Libs\PopCameraDevice</Filter>
    </None>
    <None Include="..\UnitTest\Readme.md">
      <Filter>UnitTest</Filter>
    </None>
    <None Include="..\UnitTest\Common\PopShaderCache.js">
      <Filter>UnitTest\Common</Filter>
    </None>
    <None Include="..\UnitTest\Common\TFrameCounter.js">
      <Filter>UnitTest\Common</Filter>
    </None>
    <None Include="..\UnitTest\Common\PopEngine.js">
      <Filter>UnitTest\Common</Filter>
    </None>
    <None Include="..\UnitTest\CameraTest\Yuv8_88.frag.glsl">
      <Filter>UnitTest\CameraTest</Filter>
    </None>
    <None Include="..\UnitTest\CameraTest\Yuv8888.frag.glsl">
      <Filter>UnitTest\CameraTest</Filter>
    </None>
    <None Include="..\UnitTest\CameraTest\Blit.frag.glsl">
      <Filter>UnitTest\CameraTest</Filter>
    </None>
    <None Include="..\UnitTest\CameraTest\Uvy844.frag.glsl">
      <Filter>UnitTest\CameraTest</Filter>
    </None>
    <None Include="..\UnitTest\HttpServer\bootup.js">
      <Filter>UnitTest\HttpServer</Filter>
    </None>
    <None Include="..\src\Libs\JavascriptCore\win64\JavaScriptCore.pdb">
      <Filter>Libs\JavascriptCore\win64</Filter>
    </None>
    <None Include="..\src\Libs\JavascriptCore\win64\pthreadsVC2.pdb">
      <Filter>Libs\JavascriptCore\win64</Filter>
    </None>
    <None Include="..\src\Libs\JavascriptCore\win64\WTF.pdb">
      <Filter>Libs\JavascriptCore\win64</Filter>
    </None>
    <None Include="..\src\Libs\JavascriptCore\win64\CFLite.pdb">
      <Filter>Libs\JavascriptCore\win64</Filter>
    </None>
    <None Include="..\src\Libs\JavascriptCore\win64\icuin63.pdb">
      <Filter>Libs\JavascriptCore\win64</Filter>
    </None>
    <None Include="..\src\Libs\PopH264\PopH264.pdb">
      <Filter>Libs\PopH264</Filter>
    </None>
    <None Include="..\src\Libs\PopH264\PopH264.pdb.meta">
      <Filter>Libs\PopH264</Filter>
    </None>
    <None Include="..\src\Libs\PopH264\PopH264.dll.meta">
      <Filter>Libs\PopH264</Filter>
    </None>
    <None Include="..\UnitTest\VideoTest\Uvy844.frag.glsl">
      <Filter>UnitTest\VideoTest</Filter>
    </None>
    <None Include="..\UnitTest\VideoTest\Video.js">
      <Filter>UnitTest\VideoTest</Filter>
    </None>
    <None Include="..\UnitTest\VideoTest\VideoTest.js">
      <Filter>UnitTest\VideoTest</Filter>
    </None>
    <None Include="..\UnitTest\VideoTest\Yuv8_8_8.frag.glsl">
      <Filter>UnitTest\VideoTest</Filter>
    </None>
    <None Include="..\UnitTest\VideoTest\Yuv8_8_8_MultiImage.frag.glsl">
      <Filter>UnitTest\VideoTest</Filter>
    </None>
    <None Include="..\UnitTest\VideoTest\Yuv8_88.frag.glsl">
      <Filter>UnitTest\VideoTest</Filter>
    </None>
    <None Include="..\UnitTest\VideoTest\Yuv8888.frag.glsl">
      <Filter>UnitTest\VideoTest</Filter>
    </None>
    <None Include="..\UnitTest\VideoTest\Blit.frag.glsl">
      <Filter>UnitTest\VideoTest</Filter>
    </None>
    <None Include="..\UnitTest\VideoTest\bootup.js">
      <Filter>UnitTest\VideoTest</Filter>
    </None>
    <None Include="..\UnitTest\VideoTest\mp4.js">
      <Filter>UnitTest\VideoTest</Filter>
    </None>
    <None Include="..\UnitTest\VideoTest\PopBrowser.js">
      <Filter>UnitTest\VideoTest</Filter>
    </None>
    <None Include="..\UnitTest\VideoTest\Quad.vert.glsl">
      <Filter>UnitTest\VideoTest</Filter>
    </None>
    <None Include="..\UnitTest\VideoTest\Readme.md">
      <Filter>UnitTest\VideoTest</Filter>
    </None>
    <None Include="..\src\SoyLib\src\SoyWindow.mm">
      <Filter>SoyLib</Filter>
    </None>
    <None Include="..\src\Libs\OpenVr\bin\win64\openvr_api.pdb">
      <Filter>Libs\Openvr</Filter>
    </None>
    <None Include="..\..\PopRayTrace\PopShaderCache.js">
      <Filter>Projects\PopRayTrace</Filter>
    </None>
    <None Include="..\..\PopRayTrace\Quad.vert.glsl">
      <Filter>Projects\PopRayTrace</Filter>
    </None>
    <None Include="..\..\PopRayTrace\bootup.js">
      <Filter>Projects\PopRayTrace</Filter>
    </None>
    <None Include="..\..\PopRayTrace\PathTrace.frag.glsl">
      <Filter>Projects\PopRayTrace</Filter>
    </None>
    <None Include="..\..\PopRayTrace\BlitLeftRight.frag.glsl">
      <Filter>Projects\PopRayTrace</Filter>
    </None>
    <None Include="..\UnitTest\Gui\bootup.js">
      <Filter>UnitTest\Gui</Filter>
    </None>
    <None Include="..\UnitTest\CameraTest\KinectDepth.frag.glsl">
      <Filter>UnitTest\CameraTest</Filter>
    </None>
    <None Include="..\UnitTest\H264Encode\bootup.js">
      <Filter>UnitTest\H264Encode</Filter>
    </None>
    <None Include="..\UnitTest\H264Encode\Quad.vert.glsl">
      <Filter>UnitTest\H264Encode</Filter>
    </None>
    <None Include="..\UnitTest\H264Encode\Blit.frag.glsl">
      <Filter>UnitTest\H264Encode</Filter>
    </None>
    <None Include="..\UnitTest\Common\MemCheckLoop.js">
      <Filter>UnitTest\Common</Filter>
    </None>
    <None Include="..\UnitTest\VirtualReality\bootup.js">
      <Filter>UnitTest\VirtualReality</Filter>
    </None>
    <None Include="..\UnitTest\OpencvArucoMarker\bootup.js">
      <Filter>UnitTest\OpencvArucoMarker</Filter>
    </None>
    <None Include="..\UnitTest\OpencvArucoMarker\Quad.vert.glsl">
      <Filter>UnitTest\OpencvArucoMarker</Filter>
    </None>
    <None Include="..\UnitTest\OpencvArucoMarker\Blit.frag.glsl">
      <Filter>UnitTest\OpencvArucoMarker</Filter>
    </None>
    <None Include="..\UnitTest\Pop.d.ts">
      <Filter>UnitTest</Filter>
    </None>
    <None Include="..\UnitTest\LeapMotion\Cube.frag.glsl">
      <Filter>UnitTest\LeapMotion</Filter>
    </None>
    <None Include="..\UnitTest\LeapMotion\Cube.vert.glsl">
      <Filter>UnitTest\LeapMotion</Filter>
    </None>
    <None Include="..\UnitTest\LeapMotion\bootup.js">
      <Filter>UnitTest\LeapMotion</Filter>
    </None>
    <None Include="packages.config" />
  </ItemGroup>
  <ItemGroup>
    <ClCompile Include="..\src\PopMain.cpp">
      <Filter>Source</Filter>
    </ClCompile>
    <ClCompile Include="..\src\TApiCommon.cpp">
      <Filter>Source</Filter>
    </ClCompile>
    <ClCompile Include="..\src\TApiHttp.cpp">
      <Filter>Source</Filter>
    </ClCompile>
    <ClCompile Include="..\src\TApiOpengl.cpp">
      <Filter>Source</Filter>
    </ClCompile>
    <ClCompile Include="..\src\TApiSocket.cpp">
      <Filter>Source</Filter>
    </ClCompile>
    <ClCompile Include="..\src\TApiWebsocket.cpp">
      <Filter>Source</Filter>
    </ClCompile>
    <ClCompile Include="..\src\TBind.cpp">
      <Filter>Source</Filter>
    </ClCompile>
    <ClCompile Include="..\src\SoyLib\src\SoyString.cpp">
      <Filter>SoyLib</Filter>
    </ClCompile>
    <ClCompile Include="..\src\SoyLib\src\SoyOpenglContext.cpp">
      <Filter>SoyLib</Filter>
    </ClCompile>
    <ClCompile Include="..\src\SoyLib\src\SoyPixels.cpp">
      <Filter>SoyLib</Filter>
    </ClCompile>
    <ClCompile Include="..\src\SoyLib\src\SoyTypes.cpp">
      <Filter>SoyLib</Filter>
    </ClCompile>
    <ClCompile Include="..\src\SoyLib\src\SoyUniform.cpp">
      <Filter>SoyLib</Filter>
    </ClCompile>
    <ClCompile Include="..\src\SoyLib\src\SoyOpengl.cpp">
      <Filter>SoyLib</Filter>
    </ClCompile>
    <ClCompile Include="..\src\SoyLib\src\memheap.cpp">
      <Filter>SoyLib</Filter>
    </ClCompile>
    <ClCompile Include="..\src\SoyLib\src\SoyThread.cpp">
      <Filter>SoyLib</Filter>
    </ClCompile>
    <ClCompile Include="..\src\SoyLib\src\SoyTime.cpp">
      <Filter>SoyLib</Filter>
    </ClCompile>
    <ClCompile Include="..\src\SoyLib\src\SoySocketStream.cpp">
      <Filter>SoyLib</Filter>
    </ClCompile>
    <ClCompile Include="..\src\SoyLib\src\SoySocket.cpp">
      <Filter>SoyLib</Filter>
    </ClCompile>
    <ClCompile Include="..\src\SoyLib\src\SoyStream.cpp">
      <Filter>SoyLib</Filter>
    </ClCompile>
    <ClCompile Include="..\src\SoyLib\src\SoyWebSocket.cpp">
      <Filter>SoyLib</Filter>
    </ClCompile>
    <ClCompile Include="..\src\SoyLib\src\SoyHttp.cpp">
      <Filter>SoyLib</Filter>
    </ClCompile>
    <ClCompile Include="..\src\SoyLib\src\SoyGraphics.cpp">
      <Filter>SoyLib</Filter>
    </ClCompile>
    <ClCompile Include="..\src\SoyOpenglWindow.cpp">
      <Filter>Source</Filter>
    </ClCompile>
    <ClCompile Include="..\src\SoyLib\src\SoyShader.cpp">
      <Filter>SoyLib</Filter>
    </ClCompile>
    <ClCompile Include="..\src\SoyLib\src\GL\glew.c">
      <Filter>SoyLib\glew</Filter>
    </ClCompile>
    <ClCompile Include="..\src\SoyLib\src\SoyArray.cpp">
      <Filter>SoyLib</Filter>
    </ClCompile>
    <ClCompile Include="..\src\SoyLib\src\SoyFilesystem.cpp">
      <Filter>SoyLib</Filter>
    </ClCompile>
    <ClCompile Include="..\src\SoyLib\src\SoyDebug.cpp">
      <Filter>SoyLib</Filter>
    </ClCompile>
    <ClCompile Include="..\src\SoyLib\src\SoyAssert.cpp">
      <Filter>SoyLib</Filter>
    </ClCompile>
    <ClCompile Include="..\src\SoyLib\src\SoyMediaFormat.cpp">
      <Filter>SoyLib</Filter>
    </ClCompile>
    <ClCompile Include="..\src\SoyLib\src\SoyMedia.cpp">
      <Filter>SoyLib</Filter>
    </ClCompile>
    <ClCompile Include="..\src\SoyLib\src\SoyImage.cpp">
      <Filter>SoyLib</Filter>
    </ClCompile>
    <ClCompile Include="..\src\SoyLib\src\SoyProtocol.cpp">
      <Filter>SoyLib</Filter>
    </ClCompile>
    <ClCompile Include="..\src\SoyLib\src\SoyRef.cpp">
      <Filter>SoyLib</Filter>
    </ClCompile>
    <ClCompile Include="..\src\SoyLib\src\SoyApp.cpp">
      <Filter>SoyLib</Filter>
    </ClCompile>
    <ClCompile Include="..\src\SoyLib\src\SoyJson.cpp">
      <Filter>SoyLib</Filter>
    </ClCompile>
    <ClCompile Include="..\src\SoyLib\src\SoyWave.cpp">
      <Filter>SoyLib</Filter>
    </ClCompile>
    <ClCompile Include="..\src\SoyLib\src\SoyBase64.cpp">
      <Filter>SoyLib</Filter>
    </ClCompile>
    <ClCompile Include="..\src\SoyLib\src\smallsha1\sha1.cpp">
      <Filter>SoyLib\sha1</Filter>
    </ClCompile>
    <ClCompile Include="..\src\SoyHid.cpp">
      <Filter>Source\Todo</Filter>
    </ClCompile>
    <ClCompile Include="..\src\TApiBluetooth.cpp">
      <Filter>Source\Todo</Filter>
    </ClCompile>
    <ClCompile Include="..\src\TApiDlib.cpp">
      <Filter>Source\Todo</Filter>
    </ClCompile>
    <ClCompile Include="..\src\TApiEzsift.cpp">
      <Filter>Source\Todo</Filter>
    </ClCompile>
    <ClCompile Include="..\src\TApiInput.cpp">
      <Filter>Source\Todo</Filter>
    </ClCompile>
    <ClCompile Include="..\src\TApiOpencl.cpp">
      <Filter>Source\Todo</Filter>
    </ClCompile>
    <ClCompile Include="..\src\TPopServerThread.cpp">
      <Filter>Source\Todo</Filter>
    </ClCompile>
    <ClCompile Include="..\src\TProtocolWebSocket.cpp">
      <Filter>Source\Todo</Filter>
    </ClCompile>
    <ClCompile Include="..\src\TV8Container.cpp">
      <Filter>Source\Todo</Filter>
    </ClCompile>
    <ClCompile Include="..\src\TV8Inspector.cpp">
      <Filter>Source\Todo</Filter>
    </ClCompile>
    <ClCompile Include="..\src\TV8Instance.cpp">
      <Filter>Source\Todo</Filter>
    </ClCompile>
    <ClCompile Include="..\src\TV8ObjectWrapper.cpp">
      <Filter>Source\Todo</Filter>
    </ClCompile>
    <ClCompile Include="..\src\TApiOpenglContext.cpp">
      <Filter>Source\Todo</Filter>
    </ClCompile>
    <ClCompile Include="..\src\JsCoreBind.cpp">
      <Filter>Source</Filter>
    </ClCompile>
    <ClCompile Include="..\src\JsCoreDll.cpp">
      <Filter>Source</Filter>
    </ClCompile>
    <ClCompile Include="..\src\SoyLib\src\SoyRuntimeLibrary.cpp">
      <Filter>SoyLib</Filter>
    </ClCompile>
    <ClCompile Include="..\src\PopEngine.cpp">
      <Filter>Source</Filter>
    </ClCompile>
    <ClCompile Include="..\src\TApiMedia.cpp">
      <Filter>Source</Filter>
    </ClCompile>
    <ClCompile Include="..\src\TApiSerial.cpp">
      <Filter>Source</Filter>
    </ClCompile>
    <ClCompile Include="..\src\SoyLib\src\SoyWindow.cpp">
      <Filter>SoyLib</Filter>
    </ClCompile>
    <ClCompile Include="..\src\V8Bind.cpp">
      <Filter>Source</Filter>
    </ClCompile>
    <ClCompile Include="..\src\TApiOpenvr.cpp">
      <Filter>Source</Filter>
    </ClCompile>
    <ClCompile Include="..\src\TApiDll.cpp">
      <Filter>Source</Filter>
    </ClCompile>
    <ClCompile Include="..\src\TApiGui.cpp">
      <Filter>Source</Filter>
    </ClCompile>
    <ClCompile Include="..\src\ChakraBind.cpp">
      <Filter>Source</Filter>
    </ClCompile>
    <ClCompile Include="..\src\SoyLib\src\SoyPng.cpp">
      <Filter>SoyLib</Filter>
    </ClCompile>
    <ClCompile Include="..\src\SoyLib\src\SoyFourcc.cpp">
      <Filter>SoyLib</Filter>
    </ClCompile>
    <ClCompile Include="..\src\TApiOpencv.cpp">
      <Filter>Source</Filter>
    </ClCompile>
    <ClCompile Include="..\src\Libs\Opencv_contrib\modules\aruco\src\apriltag_quad_thresh.cpp">
      <Filter>Libs\Opencv\Contrib_aruco</Filter>
    </ClCompile>
    <ClCompile Include="..\src\Libs\Opencv_contrib\modules\aruco\src\aruco.cpp">
      <Filter>Libs\Opencv\Contrib_aruco</Filter>
    </ClCompile>
    <ClCompile Include="..\src\Libs\Opencv_contrib\modules\aruco\src\charuco.cpp">
      <Filter>Libs\Opencv\Contrib_aruco</Filter>
    </ClCompile>
    <ClCompile Include="..\src\Libs\Opencv_contrib\modules\aruco\src\dictionary.cpp">
      <Filter>Libs\Opencv\Contrib_aruco</Filter>
    </ClCompile>
    <ClCompile Include="..\src\Libs\Opencv_contrib\modules\aruco\src\zmaxheap.cpp">
      <Filter>Libs\Opencv\Contrib_aruco</Filter>
    </ClCompile>
    <ClCompile Include="..\src\SoyViveHandTracker.cpp">
      <Filter>Source</Filter>
    </ClCompile>
    <ClCompile Include="..\src\TApiCoreMl.cpp">
      <Filter>Source</Filter>
    </ClCompile>
    <ClCompile Include="..\src\SoyLib\src\Win32ColourControl.c">
      <Filter>SoyLib</Filter>
    </ClCompile>
    <ClCompile Include="..\src\TApiEngine.cpp">
      <Filter>Source</Filter>
    </ClCompile>
  </ItemGroup>
  <ItemGroup>
    <Library Include="..\src\Libs\PopCameraDevice\PopCameraDevice.lib">
      <Filter>Libs\PopCameraDevice</Filter>
    </Library>
    <Library Include="..\src\Libs\PopH264\PopH264.lib">
      <Filter>Libs\PopH264</Filter>
    </Library>
    <Library Include="..\src\v8\lib\icui18n.dll.lib">
      <Filter>Libs\v8\Lib</Filter>
    </Library>
    <Library Include="..\src\v8\lib\icuuc.dll.lib">
      <Filter>Libs\v8\Lib</Filter>
    </Library>
    <Library Include="..\src\v8\lib\v8.dll.lib">
      <Filter>Libs\v8\Lib</Filter>
    </Library>
    <Library Include="..\src\v8\lib\v8_libbase.dll.lib">
      <Filter>Libs\v8\Lib</Filter>
    </Library>
    <Library Include="..\src\v8\lib\v8_libplatform.dll.lib">
      <Filter>Libs\v8\Lib</Filter>
    </Library>
    <Library Include="..\src\Libs\OpenVr\lib\win64\openvr_api.lib">
      <Filter>Libs\Openvr</Filter>
    </Library>
    <Library Include="..\src\Libs\dyncall\lib\libdyncall_s.lib">
      <Filter>Libs\Dyncall</Filter>
    </Library>
    <Library Include="..\src\Libs\dyncall\lib\libdyncallback_s.lib">
      <Filter>Libs\Dyncall</Filter>
    </Library>
    <Library Include="..\src\Libs\dyncall\lib\libdynload_s.lib">
      <Filter>Libs\Dyncall</Filter>
    </Library>
    <Library Include="..\src\Libs\x264\lib\x64\libx264.lib">
      <Filter>Libs\X264</Filter>
    </Library>
    <Library Include="..\src\Libs\x264\lib\x64\x264.lib">
      <Filter>Libs\X264</Filter>
    </Library>
    <Library Include="..\src\Libs\Opencv\x64\vc15\lib\opencv_world410.lib">
      <Filter>Libs\Opencv</Filter>
    </Library>
    <Library Include="..\src\Libs\Opencv\x64\vc15\lib\opencv_world410d.lib">
      <Filter>Libs\Opencv</Filter>
    </Library>
    <Library Include="..\src\Libs\ViveHandTracking\libs\Windows64\aristo_interface.lib">
      <Filter>Libs\ViveHandTracking</Filter>
    </Library>
    <Library Include="..\src\Libs\PopCoreMl\PopCoreml.lib">
      <Filter>Libs\PopCoreMl</Filter>
    </Library>
  </ItemGroup>
  <ItemGroup>
    <CustomBuild Include="..\src\Libs\JavascriptCore\win64\CFLite.dll">
      <Filter>Libs\JavascriptCore\win64</Filter>
    </CustomBuild>
    <CustomBuild Include="..\src\Libs\JavascriptCore\win64\icudt63.dll">
      <Filter>Libs\JavascriptCore\win64</Filter>
    </CustomBuild>
    <CustomBuild Include="..\src\Libs\JavascriptCore\win64\icuin63.dll">
      <Filter>Libs\JavascriptCore\win64</Filter>
    </CustomBuild>
    <CustomBuild Include="..\src\Libs\JavascriptCore\win64\icuuc63.dll">
      <Filter>Libs\JavascriptCore\win64</Filter>
    </CustomBuild>
    <CustomBuild Include="..\src\Libs\JavascriptCore\win64\JavaScriptCore.dll">
      <Filter>Libs\JavascriptCore\win64</Filter>
    </CustomBuild>
    <CustomBuild Include="..\src\Libs\JavascriptCore\win64\pthreadsVC2.dll">
      <Filter>Libs\JavascriptCore\win64</Filter>
    </CustomBuild>
    <CustomBuild Include="..\src\Libs\JavascriptCore\win64\WTF.dll">
      <Filter>Libs\JavascriptCore\win64</Filter>
    </CustomBuild>
    <CustomBuild Include="..\src\Libs\PopCameraDevice\PopCameraDevice.dll">
      <Filter>Libs\PopCameraDevice</Filter>
    </CustomBuild>
    <CustomBuild Include="..\src\Libs\PopH264\PopH264.dll">
      <Filter>Libs\PopH264</Filter>
    </CustomBuild>
    <CustomBuild Include="..\src\v8\v8Runtime\icudtl.dat">
      <Filter>Libs\v8\Runtime</Filter>
    </CustomBuild>
    <CustomBuild Include="..\src\v8\lib\icui18n.dll">
      <Filter>Libs\v8\Runtime</Filter>
    </CustomBuild>
    <CustomBuild Include="..\src\v8\lib\icuuc.dll">
      <Filter>Libs\v8\Runtime</Filter>
    </CustomBuild>
    <CustomBuild Include="..\src\v8\v8Runtime\natives_blob.bin">
      <Filter>Libs\v8\Runtime</Filter>
    </CustomBuild>
    <CustomBuild Include="..\src\v8\v8Runtime\snapshot_blob_win64.bin">
      <Filter>Libs\v8\Runtime</Filter>
    </CustomBuild>
    <CustomBuild Include="..\src\v8\lib\v8.dll">
      <Filter>Libs\v8\Runtime</Filter>
    </CustomBuild>
    <CustomBuild Include="..\src\v8\lib\v8_libbase.dll">
      <Filter>Libs\v8\Runtime</Filter>
    </CustomBuild>
    <CustomBuild Include="..\src\v8\lib\v8_libplatform.dll">
      <Filter>Libs\v8\Runtime</Filter>
    </CustomBuild>
    <CustomBuild Include="..\src\Libs\OpenVr\bin\win64\openvr_api.dll">
      <Filter>Libs\Openvr</Filter>
    </CustomBuild>
    <CustomBuild Include="..\src\Libs\x264\bin\x64\x264.dll" />
    <CustomBuild Include="..\src\v8\lib\msvcp140d.dll" />
    <CustomBuild Include="..\src\v8\lib\ucrtbased.dll" />
    <CustomBuild Include="..\src\v8\lib\vccorlib140d.dll" />
    <CustomBuild Include="..\src\v8\lib\vcruntime140d.dll" />
    <CustomBuild Include="..\src\Libs\Opencv\x64\vc15\bin\opencv_world410d.dll">
      <Filter>Libs\Opencv</Filter>
    </CustomBuild>
    <CustomBuild Include="..\src\Libs\Opencv\x64\vc15\bin\opencv_world410.dll" />
    <CustomBuild Include="..\src\Libs\ViveHandTracking\libs\Windows64\aristo_interface.dll" />
    <CustomBuild Include="..\src\Libs\PopCoreMl\PopCoreml.dll" />
    <CustomBuild Include="..\src\Libs\PopCoreMl\Microsoft.AI.Skills.SkillInterfacePreview.dll" />
    <CustomBuild Include="..\src\Libs\PopCoreMl\Microsoft.AI.Skills.Vision.SkeletalDetectorPreview.dll" />
  </ItemGroup>
  <ItemGroup>
    <Media Include="..\UnitTest\VideoTest\ToyStory4_Baseline3.mp4">
      <Filter>UnitTest\VideoTest</Filter>
    </Media>
  </ItemGroup>
  <ItemGroup>
    <Image Include="..\UnitTest\H264Encode\cat.jpeg">
      <Filter>UnitTest\H264Encode</Filter>
    </Image>
  </ItemGroup>
  <ItemGroup>
    <Manifest Include="..\src\Libs\PopCoreMl\PopCoreml.manifest">
      <Filter>Libs\PopCoreMl</Filter>
    </Manifest>
  </ItemGroup>
</Project>