
Microsoft Visual Studio Solution File, Format Version 12.00
# Visual Studio 15
VisualStudioVersion = 15.0.28307.705
MinimumVisualStudioVersion = 10.0.40219.1
Project("{8BC9CEB8-8B4A-11D0-8D11-00A0C91BC942}") = "PopEngine", "PopEngine.vcxproj", "{64811728-CD20-4F2C-899B-E3BF3D4B032E}"
EndProject
Project("{8BC9CEB8-8B4A-11D0-8D11-00A0C91BC942}") = "PopEngineApp", "PopEngineApp.vcxproj", "{8A5222A9-A2C4-40EC-B67B-51E60431997C}"
	ProjectSection(ProjectDependencies) = postProject
		{64811728-CD20-4F2C-899B-E3BF3D4B032E} = {64811728-CD20-4F2C-899B-E3BF3D4B032E}
	EndProjectSection
EndProject
Global
	GlobalSection(SolutionConfigurationPlatforms) = preSolution
		Debug_Chakra|x64 = Debug_Chakra|x64
		Debug_Chakra|x86 = Debug_Chakra|x86
		Debug_JsCore|x64 = Debug_JsCore|x64
		Debug_JsCore|x86 = Debug_JsCore|x86
		Debug_V8|x64 = Debug_V8|x64
		Debug_V8|x86 = Debug_V8|x86
		Debug|x64 = Debug|x64
		Debug|x86 = Debug|x86
		Master_JsCore|x64 = Master_JsCore|x64
		Master_JsCore|x86 = Master_JsCore|x86
		Master_V8|x64 = Master_V8|x64
		Master_V8|x86 = Master_V8|x86
		Release|x64 = Release|x64
		Release|x86 = Release|x86
	EndGlobalSection
	GlobalSection(ProjectConfigurationPlatforms) = postSolution
		{64811728-CD20-4F2C-899B-E3BF3D4B032E}.Debug_Chakra|x64.ActiveCfg = Debug_Chakra|x64
		{64811728-CD20-4F2C-899B-E3BF3D4B032E}.Debug_Chakra|x64.Build.0 = Debug_Chakra|x64
		{64811728-CD20-4F2C-899B-E3BF3D4B032E}.Debug_Chakra|x86.ActiveCfg = Debug_Chakra|x64
		{64811728-CD20-4F2C-899B-E3BF3D4B032E}.Debug_JsCore|x64.ActiveCfg = Debug_JsCore|x64
		{64811728-CD20-4F2C-899B-E3BF3D4B032E}.Debug_JsCore|x64.Build.0 = Debug_JsCore|x64
		{64811728-CD20-4F2C-899B-E3BF3D4B032E}.Debug_JsCore|x86.ActiveCfg = Debug_JsCore|x64
		{64811728-CD20-4F2C-899B-E3BF3D4B032E}.Debug_V8|x64.ActiveCfg = Debug_V8|x64
		{64811728-CD20-4F2C-899B-E3BF3D4B032E}.Debug_V8|x64.Build.0 = Debug_V8|x64
		{64811728-CD20-4F2C-899B-E3BF3D4B032E}.Debug_V8|x86.ActiveCfg = Debug_V8|x64
		{64811728-CD20-4F2C-899B-E3BF3D4B032E}.Debug|x64.ActiveCfg = Debug_V8|x64
		{64811728-CD20-4F2C-899B-E3BF3D4B032E}.Debug|x64.Build.0 = Debug_V8|x64
		{64811728-CD20-4F2C-899B-E3BF3D4B032E}.Debug|x86.ActiveCfg = Master_V8|x64
		{64811728-CD20-4F2C-899B-E3BF3D4B032E}.Debug|x86.Build.0 = Master_V8|x64
		{64811728-CD20-4F2C-899B-E3BF3D4B032E}.Master_JsCore|x64.ActiveCfg = Master_JsCore|x64
		{64811728-CD20-4F2C-899B-E3BF3D4B032E}.Master_JsCore|x64.Build.0 = Master_JsCore|x64
		{64811728-CD20-4F2C-899B-E3BF3D4B032E}.Master_JsCore|x86.ActiveCfg = Master_JsCore|x64
		{64811728-CD20-4F2C-899B-E3BF3D4B032E}.Master_V8|x64.ActiveCfg = Master_V8|x64
		{64811728-CD20-4F2C-899B-E3BF3D4B032E}.Master_V8|x64.Build.0 = Master_V8|x64
		{64811728-CD20-4F2C-899B-E3BF3D4B032E}.Master_V8|x86.ActiveCfg = Master_V8|x64
		{64811728-CD20-4F2C-899B-E3BF3D4B032E}.Release|x64.ActiveCfg = Master_V8|x64
		{64811728-CD20-4F2C-899B-E3BF3D4B032E}.Release|x64.Build.0 = Master_V8|x64
		{64811728-CD20-4F2C-899B-E3BF3D4B032E}.Release|x86.ActiveCfg = Master_V8|x64
		{64811728-CD20-4F2C-899B-E3BF3D4B032E}.Release|x86.Build.0 = Master_V8|x64
		{8A5222A9-A2C4-40EC-B67B-51E60431997C}.Debug_Chakra|x64.ActiveCfg = Debug|x64
		{8A5222A9-A2C4-40EC-B67B-51E60431997C}.Debug_Chakra|x64.Build.0 = Debug|x64
		{8A5222A9-A2C4-40EC-B67B-51E60431997C}.Debug_Chakra|x86.ActiveCfg = Debug|Win32
		{8A5222A9-A2C4-40EC-B67B-51E60431997C}.Debug_Chakra|x86.Build.0 = Debug|Win32
		{8A5222A9-A2C4-40EC-B67B-51E60431997C}.Debug_JsCore|x64.ActiveCfg = Debug|x64
		{8A5222A9-A2C4-40EC-B67B-51E60431997C}.Debug_JsCore|x64.Build.0 = Debug|x64
		{8A5222A9-A2C4-40EC-B67B-51E60431997C}.Debug_JsCore|x86.ActiveCfg = Debug|Win32
		{8A5222A9-A2C4-40EC-B67B-51E60431997C}.Debug_JsCore|x86.Build.0 = Debug|Win32
		{8A5222A9-A2C4-40EC-B67B-51E60431997C}.Debug_V8|x64.ActiveCfg = Debug|x64
		{8A5222A9-A2C4-40EC-B67B-51E60431997C}.Debug_V8|x64.Build.0 = Debug|x64
		{8A5222A9-A2C4-40EC-B67B-51E60431997C}.Debug_V8|x86.ActiveCfg = Debug|Win32
		{8A5222A9-A2C4-40EC-B67B-51E60431997C}.Debug_V8|x86.Build.0 = Debug|Win32
		{8A5222A9-A2C4-40EC-B67B-51E60431997C}.Debug|x64.ActiveCfg = Debug|x64
		{8A5222A9-A2C4-40EC-B67B-51E60431997C}.Debug|x64.Build.0 = Debug|x64
		{8A5222A9-A2C4-40EC-B67B-51E60431997C}.Debug|x86.ActiveCfg = Debug|Win32
		{8A5222A9-A2C4-40EC-B67B-51E60431997C}.Debug|x86.Build.0 = Debug|Win32
		{8A5222A9-A2C4-40EC-B67B-51E60431997C}.Master_JsCore|x64.ActiveCfg = Release|x64
		{8A5222A9-A2C4-40EC-B67B-51E60431997C}.Master_JsCore|x64.Build.0 = Release|x64
		{8A5222A9-A2C4-40EC-B67B-51E60431997C}.Master_JsCore|x86.ActiveCfg = Release|Win32
		{8A5222A9-A2C4-40EC-B67B-51E60431997C}.Master_JsCore|x86.Build.0 = Release|Win32
		{8A5222A9-A2C4-40EC-B67B-51E60431997C}.Master_V8|x64.ActiveCfg = Release|x64
		{8A5222A9-A2C4-40EC-B67B-51E60431997C}.Master_V8|x64.Build.0 = Release|x64
		{8A5222A9-A2C4-40EC-B67B-51E60431997C}.Master_V8|x86.ActiveCfg = Release|Win32
		{8A5222A9-A2C4-40EC-B67B-51E60431997C}.Master_V8|x86.Build.0 = Release|Win32
		{8A5222A9-A2C4-40EC-B67B-51E60431997C}.Release|x64.ActiveCfg = Release|x64
		{8A5222A9-A2C4-40EC-B67B-51E60431997C}.Release|x64.Build.0 = Release|x64
		{8A5222A9-A2C4-40EC-B67B-51E60431997C}.Release|x86.ActiveCfg = Release|Win32
		{8A5222A9-A2C4-40EC-B67B-51E60431997C}.Release|x86.Build.0 = Release|Win32
	EndGlobalSection
	GlobalSection(SolutionProperties) = preSolution
		HideSolutionNode = FALSE
	EndGlobalSection
	GlobalSection(ExtensibilityGlobals) = postSolution
		SolutionGuid = {93430456-F5C1-44BB-92E5-B5BD418B1074}
	EndGlobalSection
EndGlobal
